// !$*UTF8*$!
{
	archiveVersion = 1;
	classes = {
	};
	objectVersion = 48;
	objects = {

/* Begin PBXBuildFile section */
		151FE6A71FC7A019006F3672 /* AppDelegate.swift in Sources */ = {isa = PBXBuildFile; fileRef = 151FE6A61FC7A019006F3672 /* AppDelegate.swift */; };
		151FE6A91FC7A01A006F3672 /* ViewController.swift in Sources */ = {isa = PBXBuildFile; fileRef = 151FE6A81FC7A01A006F3672 /* ViewController.swift */; };
		151FE6AC1FC7A01A006F3672 /* Main.storyboard in Resources */ = {isa = PBXBuildFile; fileRef = 151FE6AA1FC7A01A006F3672 /* Main.storyboard */; };
		151FE6AE1FC7A01A006F3672 /* Assets.xcassets in Resources */ = {isa = PBXBuildFile; fileRef = 151FE6AD1FC7A01A006F3672 /* Assets.xcassets */; };
		151FE6B11FC7A01A006F3672 /* LaunchScreen.storyboard in Resources */ = {isa = PBXBuildFile; fileRef = 151FE6AF1FC7A01A006F3672 /* LaunchScreen.storyboard */; };
		1536170F1FC8AF4D00E76AC2 /* FullImageViewController.swift in Sources */ = {isa = PBXBuildFile; fileRef = 1536170E1FC8AF4D00E76AC2 /* FullImageViewController.swift */; };
		157C4EAA1FC7CF19005F23E9 /* ImageCollectionCell.swift in Sources */ = {isa = PBXBuildFile; fileRef = 157C4EA91FC7CF19005F23E9 /* ImageCollectionCell.swift */; };
		15946F811FC7E466002E7A44 /* GoogleService-Info.plist in Resources */ = {isa = PBXBuildFile; fileRef = 15946F801FC7E466002E7A44 /* GoogleService-Info.plist */; };
		4FE8E9532BAD782CADC6CB22 /* Pods_Morel_Moments.framework in Frameworks */ = {isa = PBXBuildFile; fileRef = 1D57CB80DD1D85E3093948A9 /* Pods_Morel_Moments.framework */; };
/* End PBXBuildFile section */

/* Begin PBXFileReference section */
		151FE6A31FC7A019006F3672 /* Morel_Moments.app */ = {isa = PBXFileReference; explicitFileType = wrapper.application; includeInIndex = 0; path = Morel_Moments.app; sourceTree = BUILT_PRODUCTS_DIR; };
		151FE6A61FC7A019006F3672 /* AppDelegate.swift */ = {isa = PBXFileReference; lastKnownFileType = sourcecode.swift; path = AppDelegate.swift; sourceTree = "<group>"; };
		151FE6A81FC7A01A006F3672 /* ViewController.swift */ = {isa = PBXFileReference; lastKnownFileType = sourcecode.swift; path = ViewController.swift; sourceTree = "<group>"; };
		151FE6AB1FC7A01A006F3672 /* Base */ = {isa = PBXFileReference; lastKnownFileType = file.storyboard; name = Base; path = Base.lproj/Main.storyboard; sourceTree = "<group>"; };
		151FE6AD1FC7A01A006F3672 /* Assets.xcassets */ = {isa = PBXFileReference; lastKnownFileType = folder.assetcatalog; path = Assets.xcassets; sourceTree = "<group>"; };
		151FE6B01FC7A01A006F3672 /* Base */ = {isa = PBXFileReference; lastKnownFileType = file.storyboard; name = Base; path = Base.lproj/LaunchScreen.storyboard; sourceTree = "<group>"; };
		151FE6B21FC7A01A006F3672 /* Info.plist */ = {isa = PBXFileReference; lastKnownFileType = text.plist.xml; path = Info.plist; sourceTree = "<group>"; };
		1536170E1FC8AF4D00E76AC2 /* FullImageViewController.swift */ = {isa = PBXFileReference; lastKnownFileType = sourcecode.swift; path = FullImageViewController.swift; sourceTree = "<group>"; };
		157C4EA91FC7CF19005F23E9 /* ImageCollectionCell.swift */ = {isa = PBXFileReference; lastKnownFileType = sourcecode.swift; path = ImageCollectionCell.swift; sourceTree = "<group>"; };
		15946F791FC7DA2F002E7A44 /* Morel_Moments-Bridging-Header.h */ = {isa = PBXFileReference; lastKnownFileType = sourcecode.c.h; path = "Morel_Moments-Bridging-Header.h"; sourceTree = "<group>"; };
		15946F7D1FC7DAE9002E7A44 /* SDWebImage.framework */ = {isa = PBXFileReference; explicitFileType = wrapper.framework; path = SDWebImage.framework; sourceTree = BUILT_PRODUCTS_DIR; };
		15946F801FC7E466002E7A44 /* GoogleService-Info.plist */ = {isa = PBXFileReference; fileEncoding = 4; lastKnownFileType = text.plist.xml; path = "GoogleService-Info.plist"; sourceTree = "<group>"; };
		164606CE384332E8864EE4A4 /* Pods-Morel_Moments.release.xcconfig */ = {isa = PBXFileReference; includeInIndex = 1; lastKnownFileType = text.xcconfig; name = "Pods-Morel_Moments.release.xcconfig"; path = "Pods/Target Support Files/Pods-Morel_Moments/Pods-Morel_Moments.release.xcconfig"; sourceTree = "<group>"; };
		1D57CB80DD1D85E3093948A9 /* Pods_Morel_Moments.framework */ = {isa = PBXFileReference; explicitFileType = wrapper.framework; includeInIndex = 0; path = Pods_Morel_Moments.framework; sourceTree = BUILT_PRODUCTS_DIR; };
		6B3F6A41529DDBFF87D20827 /* Pods-Morel_Moments.debug.xcconfig */ = {isa = PBXFileReference; includeInIndex = 1; lastKnownFileType = text.xcconfig; name = "Pods-Morel_Moments.debug.xcconfig"; path = "Pods/Target Support Files/Pods-Morel_Moments/Pods-Morel_Moments.debug.xcconfig"; sourceTree = "<group>"; };
/* End PBXFileReference section */

/* Begin PBXFrameworksBuildPhase section */
		151FE6A01FC7A019006F3672 /* Frameworks */ = {
			isa = PBXFrameworksBuildPhase;
			buildActionMask = 2147483647;
			files = (
				4FE8E9532BAD782CADC6CB22 /* Pods_Morel_Moments.framework in Frameworks */,
			);
			runOnlyForDeploymentPostprocessing = 0;
		};
/* End PBXFrameworksBuildPhase section */

/* Begin PBXGroup section */
		151FE69A1FC7A019006F3672 = {
			isa = PBXGroup;
			children = (
				151FE6A51FC7A019006F3672 /* Morel_Moments */,
				151FE6A41FC7A019006F3672 /* Products */,
				E141B0EB4AA212C7866B4BEA /* Pods */,
				2BD455457C1C57155B43A1A3 /* Frameworks */,
			);
			sourceTree = "<group>";
		};
		151FE6A41FC7A019006F3672 /* Products */ = {
			isa = PBXGroup;
			children = (
				151FE6A31FC7A019006F3672 /* Morel_Moments.app */,
			);
			name = Products;
			sourceTree = "<group>";
		};
		151FE6A51FC7A019006F3672 /* Morel_Moments */ = {
			isa = PBXGroup;
			children = (
				151FE6A61FC7A019006F3672 /* AppDelegate.swift */,
				151FE6AD1FC7A01A006F3672 /* Assets.xcassets */,
				151FE6A81FC7A01A006F3672 /* ViewController.swift */,
				1536170E1FC8AF4D00E76AC2 /* FullImageViewController.swift */,
				157C4EA91FC7CF19005F23E9 /* ImageCollectionCell.swift */,
				151FE6AA1FC7A01A006F3672 /* Main.storyboard */,
				151FE6AF1FC7A01A006F3672 /* LaunchScreen.storyboard */,
				151FE6B21FC7A01A006F3672 /* Info.plist */,
				15946F801FC7E466002E7A44 /* GoogleService-Info.plist */,
				15946F791FC7DA2F002E7A44 /* Morel_Moments-Bridging-Header.h */,
			);
			path = Morel_Moments;
			sourceTree = "<group>";
		};
		2BD455457C1C57155B43A1A3 /* Frameworks */ = {
			isa = PBXGroup;
			children = (
				15946F7D1FC7DAE9002E7A44 /* SDWebImage.framework */,
				1D57CB80DD1D85E3093948A9 /* Pods_Morel_Moments.framework */,
			);
			name = Frameworks;
			sourceTree = "<group>";
		};
		E141B0EB4AA212C7866B4BEA /* Pods */ = {
			isa = PBXGroup;
			children = (
				6B3F6A41529DDBFF87D20827 /* Pods-Morel_Moments.debug.xcconfig */,
				164606CE384332E8864EE4A4 /* Pods-Morel_Moments.release.xcconfig */,
			);
			name = Pods;
			sourceTree = "<group>";
		};
/* End PBXGroup section */

/* Begin PBXNativeTarget section */
		151FE6A21FC7A019006F3672 /* Morel_Moments */ = {
			isa = PBXNativeTarget;
			buildConfigurationList = 151FE6B51FC7A01A006F3672 /* Build configuration list for PBXNativeTarget "Morel_Moments" */;
			buildPhases = (
				E25535164F60DF190961D0AA /* [CP] Check Pods Manifest.lock */,
				151FE69F1FC7A019006F3672 /* Sources */,
				151FE6A01FC7A019006F3672 /* Frameworks */,
				151FE6A11FC7A019006F3672 /* Resources */,
				76F8025F3B100FDAF36A042E /* [CP] Embed Pods Frameworks */,
				C5C06BD0445BD82FB0DF0BB0 /* [CP] Copy Pods Resources */,
			);
			buildRules = (
			);
			dependencies = (
			);
			name = Morel_Moments;
			productName = Morel_Moments;
			productReference = 151FE6A31FC7A019006F3672 /* Morel_Moments.app */;
			productType = "com.apple.product-type.application";
		};
/* End PBXNativeTarget section */

/* Begin PBXProject section */
		151FE69B1FC7A019006F3672 /* Project object */ = {
			isa = PBXProject;
			attributes = {
				LastSwiftUpdateCheck = 0910;
				LastUpgradeCheck = 0910;
				ORGANIZATIONNAME = "Hassam Solano-Morel";
				TargetAttributes = {
					151FE6A21FC7A019006F3672 = {
						CreatedOnToolsVersion = 9.1;
						LastSwiftMigration = 0910;
						ProvisioningStyle = Automatic;
					};
				};
			};
			buildConfigurationList = 151FE69E1FC7A019006F3672 /* Build configuration list for PBXProject "Morel_Moments" */;
			compatibilityVersion = "Xcode 8.0";
			developmentRegion = en;
			hasScannedForEncodings = 0;
			knownRegions = (
				en,
				Base,
			);
			mainGroup = 151FE69A1FC7A019006F3672;
			productRefGroup = 151FE6A41FC7A019006F3672 /* Products */;
			projectDirPath = "";
			projectRoot = "";
			targets = (
				151FE6A21FC7A019006F3672 /* Morel_Moments */,
			);
		};
/* End PBXProject section */

/* Begin PBXResourcesBuildPhase section */
		151FE6A11FC7A019006F3672 /* Resources */ = {
			isa = PBXResourcesBuildPhase;
			buildActionMask = 2147483647;
			files = (
				151FE6B11FC7A01A006F3672 /* LaunchScreen.storyboard in Resources */,
				15946F811FC7E466002E7A44 /* GoogleService-Info.plist in Resources */,
				151FE6AE1FC7A01A006F3672 /* Assets.xcassets in Resources */,
				151FE6AC1FC7A01A006F3672 /* Main.storyboard in Resources */,
			);
			runOnlyForDeploymentPostprocessing = 0;
		};
/* End PBXResourcesBuildPhase section */

/* Begin PBXShellScriptBuildPhase section */
		76F8025F3B100FDAF36A042E /* [CP] Embed Pods Frameworks */ = {
			isa = PBXShellScriptBuildPhase;
			buildActionMask = 2147483647;
			files = (
			);
			inputPaths = (
				"${SRCROOT}/Pods/Target Support Files/Pods-Morel_Moments/Pods-Morel_Moments-frameworks.sh",
				"${BUILT_PRODUCTS_DIR}/GTMSessionFetcher/GTMSessionFetcher.framework",
				"${BUILT_PRODUCTS_DIR}/GoogleToolboxForMac/GoogleToolboxForMac.framework",
				"${BUILT_PRODUCTS_DIR}/SDWebImage/SDWebImage.framework",
				"${BUILT_PRODUCTS_DIR}/leveldb-library/leveldb.framework",
				"${BUILT_PRODUCTS_DIR}/nanopb/nanopb.framework",
			);
			name = "[CP] Embed Pods Frameworks";
			outputPaths = (
				"${TARGET_BUILD_DIR}/${FRAMEWORKS_FOLDER_PATH}/GTMSessionFetcher.framework",
				"${TARGET_BUILD_DIR}/${FRAMEWORKS_FOLDER_PATH}/GoogleToolboxForMac.framework",
				"${TARGET_BUILD_DIR}/${FRAMEWORKS_FOLDER_PATH}/SDWebImage.framework",
				"${TARGET_BUILD_DIR}/${FRAMEWORKS_FOLDER_PATH}/leveldb.framework",
				"${TARGET_BUILD_DIR}/${FRAMEWORKS_FOLDER_PATH}/nanopb.framework",
			);
			runOnlyForDeploymentPostprocessing = 0;
			shellPath = /bin/sh;
			shellScript = "\"${SRCROOT}/Pods/Target Support Files/Pods-Morel_Moments/Pods-Morel_Moments-frameworks.sh\"\n";
			showEnvVarsInLog = 0;
		};
		C5C06BD0445BD82FB0DF0BB0 /* [CP] Copy Pods Resources */ = {
			isa = PBXShellScriptBuildPhase;
			buildActionMask = 2147483647;
			files = (
			);
			inputPaths = (
			);
			name = "[CP] Copy Pods Resources";
			outputPaths = (
			);
			runOnlyForDeploymentPostprocessing = 0;
			shellPath = /bin/sh;
			shellScript = "\"${SRCROOT}/Pods/Target Support Files/Pods-Morel_Moments/Pods-Morel_Moments-resources.sh\"\n";
			showEnvVarsInLog = 0;
		};
		E25535164F60DF190961D0AA /* [CP] Check Pods Manifest.lock */ = {
			isa = PBXShellScriptBuildPhase;
			buildActionMask = 2147483647;
			files = (
			);
			inputPaths = (
				"${PODS_PODFILE_DIR_PATH}/Podfile.lock",
				"${PODS_ROOT}/Manifest.lock",
			);
			name = "[CP] Check Pods Manifest.lock";
			outputPaths = (
				"$(DERIVED_FILE_DIR)/Pods-Morel_Moments-checkManifestLockResult.txt",
			);
			runOnlyForDeploymentPostprocessing = 0;
			shellPath = /bin/sh;
			shellScript = "diff \"${PODS_PODFILE_DIR_PATH}/Podfile.lock\" \"${PODS_ROOT}/Manifest.lock\" > /dev/null\nif [ $? != 0 ] ; then\n    # print error to STDERR\n    echo \"error: The sandbox is not in sync with the Podfile.lock. Run 'pod install' or update your CocoaPods installation.\" >&2\n    exit 1\nfi\n# This output is used by Xcode 'outputs' to avoid re-running this script phase.\necho \"SUCCESS\" > \"${SCRIPT_OUTPUT_FILE_0}\"\n";
			showEnvVarsInLog = 0;
		};
/* End PBXShellScriptBuildPhase section */

/* Begin PBXSourcesBuildPhase section */
		151FE69F1FC7A019006F3672 /* Sources */ = {
			isa = PBXSourcesBuildPhase;
			buildActionMask = 2147483647;
			files = (
				157C4EAA1FC7CF19005F23E9 /* ImageCollectionCell.swift in Sources */,
				1536170F1FC8AF4D00E76AC2 /* FullImageViewController.swift in Sources */,
				151FE6A91FC7A01A006F3672 /* ViewController.swift in Sources */,
				151FE6A71FC7A019006F3672 /* AppDelegate.swift in Sources */,
			);
			runOnlyForDeploymentPostprocessing = 0;
		};
/* End PBXSourcesBuildPhase section */

/* Begin PBXVariantGroup section */
		151FE6AA1FC7A01A006F3672 /* Main.storyboard */ = {
			isa = PBXVariantGroup;
			children = (
				151FE6AB1FC7A01A006F3672 /* Base */,
			);
			name = Main.storyboard;
			sourceTree = "<group>";
		};
		151FE6AF1FC7A01A006F3672 /* LaunchScreen.storyboard */ = {
			isa = PBXVariantGroup;
			children = (
				151FE6B01FC7A01A006F3672 /* Base */,
			);
			name = LaunchScreen.storyboard;
			sourceTree = "<group>";
		};
/* End PBXVariantGroup section */

/* Begin XCBuildConfiguration section */
		151FE6B31FC7A01A006F3672 /* Debug */ = {
			isa = XCBuildConfiguration;
			buildSettings = {
				ALWAYS_SEARCH_USER_PATHS = NO;
				CLANG_ANALYZER_NONNULL = YES;
				CLANG_ANALYZER_NUMBER_OBJECT_CONVERSION = YES_AGGRESSIVE;
				CLANG_CXX_LANGUAGE_STANDARD = "gnu++14";
				CLANG_CXX_LIBRARY = "libc++";
				CLANG_ENABLE_MODULES = YES;
				CLANG_ENABLE_OBJC_ARC = YES;
				CLANG_WARN_BLOCK_CAPTURE_AUTORELEASING = YES;
				CLANG_WARN_BOOL_CONVERSION = YES;
				CLANG_WARN_COMMA = YES;
				CLANG_WARN_CONSTANT_CONVERSION = YES;
				CLANG_WARN_DIRECT_OBJC_ISA_USAGE = YES_ERROR;
				CLANG_WARN_DOCUMENTATION_COMMENTS = YES;
				CLANG_WARN_EMPTY_BODY = YES;
				CLANG_WARN_ENUM_CONVERSION = YES;
				CLANG_WARN_INFINITE_RECURSION = YES;
				CLANG_WARN_INT_CONVERSION = YES;
				CLANG_WARN_NON_LITERAL_NULL_CONVERSION = YES;
				CLANG_WARN_OBJC_LITERAL_CONVERSION = YES;
				CLANG_WARN_OBJC_ROOT_CLASS = YES_ERROR;
				CLANG_WARN_RANGE_LOOP_ANALYSIS = YES;
				CLANG_WARN_STRICT_PROTOTYPES = YES;
				CLANG_WARN_SUSPICIOUS_MOVE = YES;
				CLANG_WARN_UNGUARDED_AVAILABILITY = YES_AGGRESSIVE;
				CLANG_WARN_UNREACHABLE_CODE = YES;
				CLANG_WARN__DUPLICATE_METHOD_MATCH = YES;
				CODE_SIGN_IDENTITY = "iPhone Developer";
				COPY_PHASE_STRIP = NO;
				DEBUG_INFORMATION_FORMAT = dwarf;
				ENABLE_STRICT_OBJC_MSGSEND = YES;
				ENABLE_TESTABILITY = YES;
				GCC_C_LANGUAGE_STANDARD = gnu11;
				GCC_DYNAMIC_NO_PIC = NO;
				GCC_NO_COMMON_BLOCKS = YES;
				GCC_OPTIMIZATION_LEVEL = 0;
				GCC_PREPROCESSOR_DEFINITIONS = (
					"DEBUG=1",
					"$(inherited)",
				);
				GCC_WARN_64_TO_32_BIT_CONVERSION = YES;
				GCC_WARN_ABOUT_RETURN_TYPE = YES_ERROR;
				GCC_WARN_UNDECLARED_SELECTOR = YES;
				GCC_WARN_UNINITIALIZED_AUTOS = YES_AGGRESSIVE;
				GCC_WARN_UNUSED_FUNCTION = YES;
				GCC_WARN_UNUSED_VARIABLE = YES;
				IPHONEOS_DEPLOYMENT_TARGET = 11.1;
				MTL_ENABLE_DEBUG_INFO = YES;
				ONLY_ACTIVE_ARCH = YES;
				SDKROOT = iphoneos;
				SWIFT_ACTIVE_COMPILATION_CONDITIONS = DEBUG;
				SWIFT_OPTIMIZATION_LEVEL = "-Onone";
			};
			name = Debug;
		};
		151FE6B41FC7A01A006F3672 /* Release */ = {
			isa = XCBuildConfiguration;
			buildSettings = {
				ALWAYS_SEARCH_USER_PATHS = NO;
				CLANG_ANALYZER_NONNULL = YES;
				CLANG_ANALYZER_NUMBER_OBJECT_CONVERSION = YES_AGGRESSIVE;
				CLANG_CXX_LANGUAGE_STANDARD = "gnu++14";
				CLANG_CXX_LIBRARY = "libc++";
				CLANG_ENABLE_MODULES = YES;
				CLANG_ENABLE_OBJC_ARC = YES;
				CLANG_WARN_BLOCK_CAPTURE_AUTORELEASING = YES;
				CLANG_WARN_BOOL_CONVERSION = YES;
				CLANG_WARN_COMMA = YES;
				CLANG_WARN_CONSTANT_CONVERSION = YES;
				CLANG_WARN_DIRECT_OBJC_ISA_USAGE = YES_ERROR;
				CLANG_WARN_DOCUMENTATION_COMMENTS = YES;
				CLANG_WARN_EMPTY_BODY = YES;
				CLANG_WARN_ENUM_CONVERSION = YES;
				CLANG_WARN_INFINITE_RECURSION = YES;
				CLANG_WARN_INT_CONVERSION = YES;
				CLANG_WARN_NON_LITERAL_NULL_CONVERSION = YES;
				CLANG_WARN_OBJC_LITERAL_CONVERSION = YES;
				CLANG_WARN_OBJC_ROOT_CLASS = YES_ERROR;
				CLANG_WARN_RANGE_LOOP_ANALYSIS = YES;
				CLANG_WARN_STRICT_PROTOTYPES = YES;
				CLANG_WARN_SUSPICIOUS_MOVE = YES;
				CLANG_WARN_UNGUARDED_AVAILABILITY = YES_AGGRESSIVE;
				CLANG_WARN_UNREACHABLE_CODE = YES;
				CLANG_WARN__DUPLICATE_METHOD_MATCH = YES;
				CODE_SIGN_IDENTITY = "iPhone Developer";
				COPY_PHASE_STRIP = NO;
				DEBUG_INFORMATION_FORMAT = "dwarf-with-dsym";
				ENABLE_NS_ASSERTIONS = NO;
				ENABLE_STRICT_OBJC_MSGSEND = YES;
				GCC_C_LANGUAGE_STANDARD = gnu11;
				GCC_NO_COMMON_BLOCKS = YES;
				GCC_WARN_64_TO_32_BIT_CONVERSION = YES;
				GCC_WARN_ABOUT_RETURN_TYPE = YES_ERROR;
				GCC_WARN_UNDECLARED_SELECTOR = YES;
				GCC_WARN_UNINITIALIZED_AUTOS = YES_AGGRESSIVE;
				GCC_WARN_UNUSED_FUNCTION = YES;
				GCC_WARN_UNUSED_VARIABLE = YES;
				IPHONEOS_DEPLOYMENT_TARGET = 11.1;
				MTL_ENABLE_DEBUG_INFO = NO;
				SDKROOT = iphoneos;
				SWIFT_OPTIMIZATION_LEVEL = "-Owholemodule";
				VALIDATE_PRODUCT = YES;
			};
			name = Release;
		};
		151FE6B61FC7A01A006F3672 /* Debug */ = {
			isa = XCBuildConfiguration;
			baseConfigurationReference = 6B3F6A41529DDBFF87D20827 /* Pods-Morel_Moments.debug.xcconfig */;
			buildSettings = {
				ASSETCATALOG_COMPILER_APPICON_NAME = AppIcon;
				CLANG_ENABLE_MODULES = YES;
				CODE_SIGN_STYLE = Automatic;
				DEVELOPMENT_TEAM = X77JU425RX;
				INFOPLIST_FILE = Morel_Moments/Info.plist;
				LD_RUNPATH_SEARCH_PATHS = "$(inherited) @executable_path/Frameworks";
				PRODUCT_BUNDLE_IDENTIFIER = "hassamsolano.Morel-Moments";
				PRODUCT_NAME = "$(TARGET_NAME)";
				SWIFT_OBJC_BRIDGING_HEADER = "Morel_Moments/Morel_Moments-Bridging-Header.h";
				SWIFT_OPTIMIZATION_LEVEL = "-Onone";
				SWIFT_VERSION = 4.0;
				TARGETED_DEVICE_FAMILY = "1,2";
			};
			name = Debug;
		};
		151FE6B71FC7A01A006F3672 /* Release */ = {
			isa = XCBuildConfiguration;
			baseConfigurationReference = 164606CE384332E8864EE4A4 /* Pods-Morel_Moments.release.xcconfig */;
			buildSettings = {
				ASSETCATALOG_COMPILER_APPICON_NAME = AppIcon;
				CLANG_ENABLE_MODULES = YES;
				CODE_SIGN_STYLE = Automatic;
				DEVELOPMENT_TEAM = X77JU425RX;
				INFOPLIST_FILE = Morel_Moments/Info.plist;
				LD_RUNPATH_SEARCH_PATHS = "$(inherited) @executable_path/Frameworks";
				PRODUCT_BUNDLE_IDENTIFIER = "hassamsolano.Morel-Moments";
				PRODUCT_NAME = "$(TARGET_NAME)";
				SWIFT_OBJC_BRIDGING_HEADER = "Morel_Moments/Morel_Moments-Bridging-Header.h";
				SWIFT_VERSION = 4.0;
				TARGETED_DEVICE_FAMILY = "1,2";
			};
			name = Release;
		};
/* End XCBuildConfiguration section */

/* Begin XCConfigurationList section */
		151FE69E1FC7A019006F3672 /* Build configuration list for PBXProject "Morel_Moments" */ = {
			isa = XCConfigurationList;
			buildConfigurations = (
				151FE6B31FC7A01A006F3672 /* Debug */,
				151FE6B41FC7A01A006F3672 /* Release */,
			);
			defaultConfigurationIsVisible = 0;
			defaultConfigurationName = Release;
		};
		151FE6B51FC7A01A006F3672 /* Build configuration list for PBXNativeTarget "Morel_Moments" */ = {
			isa = XCConfigurationList;
			buildConfigurations = (
				151FE6B61FC7A01A006F3672 /* Debug */,
				151FE6B71FC7A01A006F3672 /* Release */,
			);
			defaultConfigurationIsVisible = 0;
			defaultConfigurationName = Release;
		};
/* End XCConfigurationList section */
	};
	rootObject = 151FE69B1FC7A019006F3672 /* Project object */;
}
